
Microsoft Visual Studio Solution File, Format Version 12.00
# Visual Studio 2012
Project("{FAE04EC0-301F-11D3-BF4B-00C04F79EFBC}") = "CustomActivityIndicator", "CustomActivityIndicator\CustomActivityIndicator.csproj", "{049784E4-491E-41A0-AA5B-192A8488DC9B}"
EndProject
Project("{FAE04EC0-301F-11D3-BF4B-00C04F79EFBC}") = "CustomActivityIndicator.iOS", "iOS\CustomActivityIndicator.iOS.csproj", "{76986C11-A904-4C7A-B23E-AD1413B58A9F}"
EndProject
Global
	GlobalSection(SolutionConfigurationPlatforms) = preSolution
		Debug|Any CPU = Debug|Any CPU
		Release|Any CPU = Release|Any CPU
		Debug|iPhoneSimulator = Debug|iPhoneSimulator
		Release|iPhone = Release|iPhone
		Release|iPhoneSimulator = Release|iPhoneSimulator
		Debug|iPhone = Debug|iPhone
	EndGlobalSection
	GlobalSection(ProjectConfigurationPlatforms) = postSolution
		{049784E4-491E-41A0-AA5B-192A8488DC9B}.Debug|Any CPU.ActiveCfg = Debug|Any CPU
		{049784E4-491E-41A0-AA5B-192A8488DC9B}.Debug|Any CPU.Build.0 = Debug|Any CPU
		{049784E4-491E-41A0-AA5B-192A8488DC9B}.Release|Any CPU.ActiveCfg = Release|Any CPU
		{049784E4-491E-41A0-AA5B-192A8488DC9B}.Release|Any CPU.Build.0 = Release|Any CPU
		{049784E4-491E-41A0-AA5B-192A8488DC9B}.Debug|iPhoneSimulator.ActiveCfg = Debug|Any CPU
		{049784E4-491E-41A0-AA5B-192A8488DC9B}.Debug|iPhoneSimulator.Build.0 = Debug|Any CPU
		{049784E4-491E-41A0-AA5B-192A8488DC9B}.Release|iPhone.ActiveCfg = Release|Any CPU
		{049784E4-491E-41A0-AA5B-192A8488DC9B}.Release|iPhone.Build.0 = Release|Any CPU
		{049784E4-491E-41A0-AA5B-192A8488DC9B}.Release|iPhoneSimulator.ActiveCfg = Release|Any CPU
		{049784E4-491E-41A0-AA5B-192A8488DC9B}.Release|iPhoneSimulator.Build.0 = Release|Any CPU
		{049784E4-491E-41A0-AA5B-192A8488DC9B}.Debug|iPhone.ActiveCfg = Debug|Any CPU
		{049784E4-491E-41A0-AA5B-192A8488DC9B}.Debug|iPhone.Build.0 = Debug|Any CPU
		{76986C11-A904-4C7A-B23E-AD1413B58A9F}.Debug|Any CPU.ActiveCfg = Debug|iPhoneSimulator
		{76986C11-A904-4C7A-B23E-AD1413B58A9F}.Debug|Any CPU.Build.0 = Debug|iPhoneSimulator
		{76986C11-A904-4C7A-B23E-AD1413B58A9F}.Release|Any CPU.ActiveCfg = Release|iPhone
		{76986C11-A904-4C7A-B23E-AD1413B58A9F}.Release|Any CPU.Build.0 = Release|iPhone
		{76986C11-A904-4C7A-B23E-AD1413B58A9F}.Debug|iPhoneSimulator.ActiveCfg = Debug|iPhoneSimulator
		{76986C11-A904-4C7A-B23E-AD1413B58A9F}.Debug|iPhoneSimulator.Build.0 = Debug|iPhoneSimulator
		{76986C11-A904-4C7A-B23E-AD1413B58A9F}.Release|iPhone.ActiveCfg = Release|iPhone
		{76986C11-A904-4C7A-B23E-AD1413B58A9F}.Release|iPhone.Build.0 = Release|iPhone
		{76986C11-A904-4C7A-B23E-AD1413B58A9F}.Release|iPhoneSimulator.ActiveCfg = Release|iPhoneSimulator
		{76986C11-A904-4C7A-B23E-AD1413B58A9F}.Release|iPhoneSimulator.Build.0 = Release|iPhoneSimulator
		{76986C11-A904-4C7A-B23E-AD1413B58A9F}.Debug|iPhone.ActiveCfg = Debug|iPhone
		{76986C11-A904-4C7A-B23E-AD1413B58A9F}.Debug|iPhone.Build.0 = Debug|iPhone
	EndGlobalSection
EndGlobal
