
Microsoft Visual Studio Solution File, Format Version 12.00
# Visual Studio 15
VisualStudioVersion = 15.0.27130.2010
MinimumVisualStudioVersion = 10.0.40219.1
Project("{FAE04EC0-301F-11D3-BF4B-00C04F79EFBC}") = "Autocomplete.Android", "Autocomplete\Autocomplete.Android\Autocomplete.Android.csproj", "{34F91964-3110-44C8-B89E-4D9BF6239229}"
EndProject
Project("{FAE04EC0-301F-11D3-BF4B-00C04F79EFBC}") = "Autocomplete.iOS", "Autocomplete\Autocomplete.iOS\Autocomplete.iOS.csproj", "{A70300D6-9AF0-417F-B9FA-76F3CB2AA4B4}"
EndProject
Project("{FAE04EC0-301F-11D3-BF4B-00C04F79EFBC}") = "Autocomplete", "Autocomplete\Autocomplete\Autocomplete.csproj", "{29C75EA2-6C98-4523-8462-AA20DC041EAF}"
EndProject
Global
	GlobalSection(SolutionConfigurationPlatforms) = preSolution
		Ad-Hoc|Any CPU = Ad-Hoc|Any CPU
		Ad-Hoc|iPhone = Ad-Hoc|iPhone
		Ad-Hoc|iPhoneSimulator = Ad-Hoc|iPhoneSimulator
		AppStore|Any CPU = AppStore|Any CPU
		AppStore|iPhone = AppStore|iPhone
		AppStore|iPhoneSimulator = AppStore|iPhoneSimulator
		Debug|Any CPU = Debug|Any CPU
		Debug|iPhone = Debug|iPhone
		Debug|iPhoneSimulator = Debug|iPhoneSimulator
		Release|Any CPU = Release|Any CPU
		Release|iPhone = Release|iPhone
		Release|iPhoneSimulator = Release|iPhoneSimulator
	EndGlobalSection
	GlobalSection(ProjectConfigurationPlatforms) = postSolution
		{34F91964-3110-44C8-B89E-4D9BF6239229}.Ad-Hoc|Any CPU.ActiveCfg = Release|Any CPU
		{34F91964-3110-44C8-B89E-4D9BF6239229}.Ad-Hoc|Any CPU.Build.0 = Release|Any CPU
		{34F91964-3110-44C8-B89E-4D9BF6239229}.Ad-Hoc|Any CPU.Deploy.0 = Release|Any CPU
		{34F91964-3110-44C8-B89E-4D9BF6239229}.Ad-Hoc|iPhone.ActiveCfg = Release|Any CPU
		{34F91964-3110-44C8-B89E-4D9BF6239229}.Ad-Hoc|iPhone.Build.0 = Release|Any CPU
		{34F91964-3110-44C8-B89E-4D9BF6239229}.Ad-Hoc|iPhone.Deploy.0 = Release|Any CPU
		{34F91964-3110-44C8-B89E-4D9BF6239229}.Ad-Hoc|iPhoneSimulator.ActiveCfg = Release|Any CPU
		{34F91964-3110-44C8-B89E-4D9BF6239229}.Ad-Hoc|iPhoneSimulator.Build.0 = Release|Any CPU
		{34F91964-3110-44C8-B89E-4D9BF6239229}.Ad-Hoc|iPhoneSimulator.Deploy.0 = Release|Any CPU
		{34F91964-3110-44C8-B89E-4D9BF6239229}.AppStore|Any CPU.ActiveCfg = Release|Any CPU
		{34F91964-3110-44C8-B89E-4D9BF6239229}.AppStore|Any CPU.Build.0 = Release|Any CPU
		{34F91964-3110-44C8-B89E-4D9BF6239229}.AppStore|Any CPU.Deploy.0 = Release|Any CPU
		{34F91964-3110-44C8-B89E-4D9BF6239229}.AppStore|iPhone.ActiveCfg = Release|Any CPU
		{34F91964-3110-44C8-B89E-4D9BF6239229}.AppStore|iPhone.Build.0 = Release|Any CPU
		{34F91964-3110-44C8-B89E-4D9BF6239229}.AppStore|iPhone.Deploy.0 = Release|Any CPU
		{34F91964-3110-44C8-B89E-4D9BF6239229}.AppStore|iPhoneSimulator.ActiveCfg = Release|Any CPU
		{34F91964-3110-44C8-B89E-4D9BF6239229}.AppStore|iPhoneSimulator.Build.0 = Release|Any CPU
		{34F91964-3110-44C8-B89E-4D9BF6239229}.AppStore|iPhoneSimulator.Deploy.0 = Release|Any CPU
		{34F91964-3110-44C8-B89E-4D9BF6239229}.Debug|Any CPU.ActiveCfg = Debug|Any CPU
		{34F91964-3110-44C8-B89E-4D9BF6239229}.Debug|Any CPU.Build.0 = Debug|Any CPU
		{34F91964-3110-44C8-B89E-4D9BF6239229}.Debug|Any CPU.Deploy.0 = Debug|Any CPU
		{34F91964-3110-44C8-B89E-4D9BF6239229}.Debug|iPhone.ActiveCfg = Debug|Any CPU
		{34F91964-3110-44C8-B89E-4D9BF6239229}.Debug|iPhone.Build.0 = Debug|Any CPU
		{34F91964-3110-44C8-B89E-4D9BF6239229}.Debug|iPhone.Deploy.0 = Debug|Any CPU
		{34F91964-3110-44C8-B89E-4D9BF6239229}.Debug|iPhoneSimulator.ActiveCfg = Debug|Any CPU
		{34F91964-3110-44C8-B89E-4D9BF6239229}.Debug|iPhoneSimulator.Build.0 = Debug|Any CPU
		{34F91964-3110-44C8-B89E-4D9BF6239229}.Debug|iPhoneSimulator.Deploy.0 = Debug|Any CPU
		{34F91964-3110-44C8-B89E-4D9BF6239229}.Release|Any CPU.ActiveCfg = Release|Any CPU
		{34F91964-3110-44C8-B89E-4D9BF6239229}.Release|Any CPU.Build.0 = Release|Any CPU
		{34F91964-3110-44C8-B89E-4D9BF6239229}.Release|Any CPU.Deploy.0 = Release|Any CPU
		{34F91964-3110-44C8-B89E-4D9BF6239229}.Release|iPhone.ActiveCfg = Release|Any CPU
		{34F91964-3110-44C8-B89E-4D9BF6239229}.Release|iPhone.Build.0 = Release|Any CPU
		{34F91964-3110-44C8-B89E-4D9BF6239229}.Release|iPhone.Deploy.0 = Release|Any CPU
		{34F91964-3110-44C8-B89E-4D9BF6239229}.Release|iPhoneSimulator.ActiveCfg = Release|Any CPU
		{34F91964-3110-44C8-B89E-4D9BF6239229}.Release|iPhoneSimulator.Build.0 = Release|Any CPU
		{34F91964-3110-44C8-B89E-4D9BF6239229}.Release|iPhoneSimulator.Deploy.0 = Release|Any CPU
		{A70300D6-9AF0-417F-B9FA-76F3CB2AA4B4}.Ad-Hoc|Any CPU.ActiveCfg = Ad-Hoc|iPhone
		{A70300D6-9AF0-417F-B9FA-76F3CB2AA4B4}.Ad-Hoc|iPhone.ActiveCfg = Ad-Hoc|iPhone
		{A70300D6-9AF0-417F-B9FA-76F3CB2AA4B4}.Ad-Hoc|iPhone.Build.0 = Ad-Hoc|iPhone
		{A70300D6-9AF0-417F-B9FA-76F3CB2AA4B4}.Ad-Hoc|iPhoneSimulator.ActiveCfg = Ad-Hoc|iPhoneSimulator
		{A70300D6-9AF0-417F-B9FA-76F3CB2AA4B4}.Ad-Hoc|iPhoneSimulator.Build.0 = Ad-Hoc|iPhoneSimulator
		{A70300D6-9AF0-417F-B9FA-76F3CB2AA4B4}.AppStore|Any CPU.ActiveCfg = AppStore|iPhone
		{A70300D6-9AF0-417F-B9FA-76F3CB2AA4B4}.AppStore|iPhone.ActiveCfg = AppStore|iPhone
		{A70300D6-9AF0-417F-B9FA-76F3CB2AA4B4}.AppStore|iPhone.Build.0 = AppStore|iPhone
		{A70300D6-9AF0-417F-B9FA-76F3CB2AA4B4}.AppStore|iPhoneSimulator.ActiveCfg = AppStore|iPhoneSimulator
		{A70300D6-9AF0-417F-B9FA-76F3CB2AA4B4}.AppStore|iPhoneSimulator.Build.0 = AppStore|iPhoneSimulator
		{A70300D6-9AF0-417F-B9FA-76F3CB2AA4B4}.Debug|Any CPU.ActiveCfg = Debug|iPhone
		{A70300D6-9AF0-417F-B9FA-76F3CB2AA4B4}.Debug|iPhone.ActiveCfg = Debug|iPhone
		{A70300D6-9AF0-417F-B9FA-76F3CB2AA4B4}.Debug|iPhone.Build.0 = Debug|iPhone
		{A70300D6-9AF0-417F-B9FA-76F3CB2AA4B4}.Debug|iPhoneSimulator.ActiveCfg = Debug|iPhoneSimulator
		{A70300D6-9AF0-417F-B9FA-76F3CB2AA4B4}.Debug|iPhoneSimulator.Build.0 = Debug|iPhoneSimulator
		{A70300D6-9AF0-417F-B9FA-76F3CB2AA4B4}.Release|Any CPU.ActiveCfg = Release|iPhone
		{A70300D6-9AF0-417F-B9FA-76F3CB2AA4B4}.Release|iPhone.ActiveCfg = Release|iPhone
		{A70300D6-9AF0-417F-B9FA-76F3CB2AA4B4}.Release|iPhone.Build.0 = Release|iPhone
		{A70300D6-9AF0-417F-B9FA-76F3CB2AA4B4}.Release|iPhoneSimulator.ActiveCfg = Release|iPhoneSimulator
		{A70300D6-9AF0-417F-B9FA-76F3CB2AA4B4}.Release|iPhoneSimulator.Build.0 = Release|iPhoneSimulator
		{29C75EA2-6C98-4523-8462-AA20DC041EAF}.Ad-Hoc|Any CPU.ActiveCfg = Debug|Any CPU
		{29C75EA2-6C98-4523-8462-AA20DC041EAF}.Ad-Hoc|Any CPU.Build.0 = Debug|Any CPU
		{29C75EA2-6C98-4523-8462-AA20DC041EAF}.Ad-Hoc|iPhone.ActiveCfg = Debug|Any CPU
		{29C75EA2-6C98-4523-8462-AA20DC041EAF}.Ad-Hoc|iPhone.Build.0 = Debug|Any CPU
		{29C75EA2-6C98-4523-8462-AA20DC041EAF}.Ad-Hoc|iPhoneSimulator.ActiveCfg = Debug|Any CPU
		{29C75EA2-6C98-4523-8462-AA20DC041EAF}.Ad-Hoc|iPhoneSimulator.Build.0 = Debug|Any CPU
		{29C75EA2-6C98-4523-8462-AA20DC041EAF}.AppStore|Any CPU.ActiveCfg = Debug|Any CPU
		{29C75EA2-6C98-4523-8462-AA20DC041EAF}.AppStore|Any CPU.Build.0 = Debug|Any CPU
		{29C75EA2-6C98-4523-8462-AA20DC041EAF}.AppStore|iPhone.ActiveCfg = Debug|Any CPU
		{29C75EA2-6C98-4523-8462-AA20DC041EAF}.AppStore|iPhone.Build.0 = Debug|Any CPU
		{29C75EA2-6C98-4523-8462-AA20DC041EAF}.AppStore|iPhoneSimulator.ActiveCfg = Debug|Any CPU
		{29C75EA2-6C98-4523-8462-AA20DC041EAF}.AppStore|iPhoneSimulator.Build.0 = Debug|Any CPU
		{29C75EA2-6C98-4523-8462-AA20DC041EAF}.Debug|Any CPU.ActiveCfg = Debug|Any CPU
		{29C75EA2-6C98-4523-8462-AA20DC041EAF}.Debug|Any CPU.Build.0 = Debug|Any CPU
		{29C75EA2-6C98-4523-8462-AA20DC041EAF}.Debug|iPhone.ActiveCfg = Debug|Any CPU
		{29C75EA2-6C98-4523-8462-AA20DC041EAF}.Debug|iPhone.Build.0 = Debug|Any CPU
		{29C75EA2-6C98-4523-8462-AA20DC041EAF}.Debug|iPhoneSimulator.ActiveCfg = Debug|Any CPU
		{29C75EA2-6C98-4523-8462-AA20DC041EAF}.Debug|iPhoneSimulator.Build.0 = Debug|Any CPU
		{29C75EA2-6C98-4523-8462-AA20DC041EAF}.Release|Any CPU.ActiveCfg = Release|Any CPU
		{29C75EA2-6C98-4523-8462-AA20DC041EAF}.Release|Any CPU.Build.0 = Release|Any CPU
		{29C75EA2-6C98-4523-8462-AA20DC041EAF}.Release|iPhone.ActiveCfg = Release|Any CPU
		{29C75EA2-6C98-4523-8462-AA20DC041EAF}.Release|iPhone.Build.0 = Release|Any CPU
		{29C75EA2-6C98-4523-8462-AA20DC041EAF}.Release|iPhoneSimulator.ActiveCfg = Release|Any CPU
		{29C75EA2-6C98-4523-8462-AA20DC041EAF}.Release|iPhoneSimulator.Build.0 = Release|Any CPU
	EndGlobalSection
	GlobalSection(SolutionProperties) = preSolution
		HideSolutionNode = FALSE
	EndGlobalSection
	GlobalSection(ExtensibilityGlobals) = postSolution
		SolutionGuid = {36753837-C66D-4373-AB2B-16B9F0A1B325}
	EndGlobalSection
EndGlobal
